
Microsoft Visual Studio Solution File, Format Version 12.00
# Visual Studio 15
VisualStudioVersion = 15.0.28307.136
MinimumVisualStudioVersion = 10.0.40219.1
Project("{159641D6-6404-4A2A-AE62-294DE0FE8301}") = "GitHubTestSSIS1", "GitHubTestSSIS1\GitHubTestSSIS1.dtproj", "{6DCAC324-E568-4469-9C28-1D6E3BF362CE}"
EndProject
Global
	GlobalSection(SolutionConfigurationPlatforms) = preSolution
		Development|Default = Development|Default
	EndGlobalSection
	GlobalSection(ProjectConfigurationPlatforms) = postSolution
		{6DCAC324-E568-4469-9C28-1D6E3BF362CE}.Development|Default.ActiveCfg = Development
		{6DCAC324-E568-4469-9C28-1D6E3BF362CE}.Development|Default.Build.0 = Development
	EndGlobalSection
	GlobalSection(SolutionProperties) = preSolution
		HideSolutionNode = FALSE
	EndGlobalSection
	GlobalSection(ExtensibilityGlobals) = postSolution
		SolutionGuid = {E36922DD-C8E8-43DC-B90A-69919ADD7387}
	EndGlobalSection
EndGlobal
